{
  "requires": true,
  "lockfileVersion": 1,
  "dependencies": {
    "game-iverse": {
      "version": "1.2.1",
      "resolved": "https://registry.npmjs.org/game-iverse/-/game-iverse-1.2.1.tgz",
      "integrity": "sha512-WoQ2YlQh7ncup9ILzadNGHA0MhWwIR2fSThhzCFtxEJb7dNJ2UWQBEkIsJRP0XoXwOgEWiVzINABFUiTyIO3qg=="
    }
  }
}
